// !$*UTF8*$!
{
	archiveVersion = 1;
	classes = {
	};
	objectVersion = 50;
	objects = {

/* Begin PBXBuildFile section */
		6F19FF03241C8DA60076058D /* AppDelegate.swift in Sources */ = {isa = PBXBuildFile; fileRef = 6F19FF02241C8DA60076058D /* AppDelegate.swift */; };
		6F19FF07241C8DA60076058D /* ViewController.swift in Sources */ = {isa = PBXBuildFile; fileRef = 6F19FF06241C8DA60076058D /* ViewController.swift */; };
		6F19FF0A241C8DA60076058D /* Main.storyboard in Resources */ = {isa = PBXBuildFile; fileRef = 6F19FF08241C8DA60076058D /* Main.storyboard */; };
		6F19FF0C241C8DAC0076058D /* Assets.xcassets in Resources */ = {isa = PBXBuildFile; fileRef = 6F19FF0B241C8DAC0076058D /* Assets.xcassets */; };
		6F19FF0F241C8DAC0076058D /* LaunchScreen.storyboard in Resources */ = {isa = PBXBuildFile; fileRef = 6F19FF0D241C8DAC0076058D /* LaunchScreen.storyboard */; };
		6F19FF1A241C8DAC0076058D /* SYWaveViewDemoTests.swift in Sources */ = {isa = PBXBuildFile; fileRef = 6F19FF19241C8DAC0076058D /* SYWaveViewDemoTests.swift */; };
		6F19FF25241C8DAC0076058D /* SYWaveViewDemoUITests.swift in Sources */ = {isa = PBXBuildFile; fileRef = 6F19FF24241C8DAC0076058D /* SYWaveViewDemoUITests.swift */; };
		6F19FF34241C8DDD0076058D /* SYHeadView.swift in Sources */ = {isa = PBXBuildFile; fileRef = 6F19FF32241C8DDC0076058D /* SYHeadView.swift */; };
		6F19FF35241C8DDD0076058D /* SYWaveView.swift in Sources */ = {isa = PBXBuildFile; fileRef = 6F19FF33241C8DDC0076058D /* SYWaveView.swift */; };
		6F40D67D241E67AF00AEE3E6 /* UIColor+valueRGB.swift in Sources */ = {isa = PBXBuildFile; fileRef = 6F40D67C241E67AF00AEE3E6 /* UIColor+valueRGB.swift */; };
/* End PBXBuildFile section */

/* Begin PBXContainerItemProxy section */
		6F19FF16241C8DAC0076058D /* PBXContainerItemProxy */ = {
			isa = PBXContainerItemProxy;
			containerPortal = 6F19FEF7241C8DA60076058D /* Project object */;
			proxyType = 1;
			remoteGlobalIDString = 6F19FEFE241C8DA60076058D;
			remoteInfo = SYWaveViewDemo;
		};
		6F19FF21241C8DAC0076058D /* PBXContainerItemProxy */ = {
			isa = PBXContainerItemProxy;
			containerPortal = 6F19FEF7241C8DA60076058D /* Project object */;
			proxyType = 1;
			remoteGlobalIDString = 6F19FEFE241C8DA60076058D;
			remoteInfo = SYWaveViewDemo;
		};
/* End PBXContainerItemProxy section */

/* Begin PBXFileReference section */
		6F19FEFF241C8DA60076058D /* SYWaveViewDemo.app */ = {isa = PBXFileReference; explicitFileType = wrapper.application; includeInIndex = 0; path = SYWaveViewDemo.app; sourceTree = BUILT_PRODUCTS_DIR; };
		6F19FF02241C8DA60076058D /* AppDelegate.swift */ = {isa = PBXFileReference; lastKnownFileType = sourcecode.swift; path = AppDelegate.swift; sourceTree = "<group>"; };
		6F19FF06241C8DA60076058D /* ViewController.swift */ = {isa = PBXFileReference; lastKnownFileType = sourcecode.swift; path = ViewController.swift; sourceTree = "<group>"; };
		6F19FF09241C8DA60076058D /* Base */ = {isa = PBXFileReference; lastKnownFileType = file.storyboard; name = Base; path = Base.lproj/Main.storyboard; sourceTree = "<group>"; };
		6F19FF0B241C8DAC0076058D /* Assets.xcassets */ = {isa = PBXFileReference; lastKnownFileType = folder.assetcatalog; path = Assets.xcassets; sourceTree = "<group>"; };
		6F19FF0E241C8DAC0076058D /* Base */ = {isa = PBXFileReference; lastKnownFileType = file.storyboard; name = Base; path = Base.lproj/LaunchScreen.storyboard; sourceTree = "<group>"; };
		6F19FF10241C8DAC0076058D /* Info.plist */ = {isa = PBXFileReference; lastKnownFileType = text.plist.xml; path = Info.plist; sourceTree = "<group>"; };
		6F19FF15241C8DAC0076058D /* SYWaveViewDemoTests.xctest */ = {isa = PBXFileReference; explicitFileType = wrapper.cfbundle; includeInIndex = 0; path = SYWaveViewDemoTests.xctest; sourceTree = BUILT_PRODUCTS_DIR; };
		6F19FF19241C8DAC0076058D /* SYWaveViewDemoTests.swift */ = {isa = PBXFileReference; lastKnownFileType = sourcecode.swift; path = SYWaveViewDemoTests.swift; sourceTree = "<group>"; };
		6F19FF1B241C8DAC0076058D /* Info.plist */ = {isa = PBXFileReference; lastKnownFileType = text.plist.xml; path = Info.plist; sourceTree = "<group>"; };
		6F19FF20241C8DAC0076058D /* SYWaveViewDemoUITests.xctest */ = {isa = PBXFileReference; explicitFileType = wrapper.cfbundle; includeInIndex = 0; path = SYWaveViewDemoUITests.xctest; sourceTree = BUILT_PRODUCTS_DIR; };
		6F19FF24241C8DAC0076058D /* SYWaveViewDemoUITests.swift */ = {isa = PBXFileReference; lastKnownFileType = sourcecode.swift; path = SYWaveViewDemoUITests.swift; sourceTree = "<group>"; };
		6F19FF26241C8DAC0076058D /* Info.plist */ = {isa = PBXFileReference; lastKnownFileType = text.plist.xml; path = Info.plist; sourceTree = "<group>"; };
		6F19FF32241C8DDC0076058D /* SYHeadView.swift */ = {isa = PBXFileReference; fileEncoding = 4; lastKnownFileType = sourcecode.swift; path = SYHeadView.swift; sourceTree = "<group>"; };
		6F19FF33241C8DDC0076058D /* SYWaveView.swift */ = {isa = PBXFileReference; fileEncoding = 4; lastKnownFileType = sourcecode.swift; path = SYWaveView.swift; sourceTree = "<group>"; };
		6F40D67C241E67AF00AEE3E6 /* UIColor+valueRGB.swift */ = {isa = PBXFileReference; fileEncoding = 4; lastKnownFileType = sourcecode.swift; path = "UIColor+valueRGB.swift"; sourceTree = "<group>"; };
/* End PBXFileReference section */

/* Begin PBXFrameworksBuildPhase section */
		6F19FEFC241C8DA60076058D /* Frameworks */ = {
			isa = PBXFrameworksBuildPhase;
			buildActionMask = 2147483647;
			files = (
			);
			runOnlyForDeploymentPostprocessing = 0;
		};
		6F19FF12241C8DAC0076058D /* Frameworks */ = {
			isa = PBXFrameworksBuildPhase;
			buildActionMask = 2147483647;
			files = (
			);
			runOnlyForDeploymentPostprocessing = 0;
		};
		6F19FF1D241C8DAC0076058D /* Frameworks */ = {
			isa = PBXFrameworksBuildPhase;
			buildActionMask = 2147483647;
			files = (
			);
			runOnlyForDeploymentPostprocessing = 0;
		};
/* End PBXFrameworksBuildPhase section */

/* Begin PBXGroup section */
		6F19FEF6241C8DA60076058D = {
			isa = PBXGroup;
			children = (
				6F19FF01241C8DA60076058D /* SYWaveViewDemo */,
				6F19FF18241C8DAC0076058D /* SYWaveViewDemoTests */,
				6F19FF23241C8DAC0076058D /* SYWaveViewDemoUITests */,
				6F19FF00241C8DA60076058D /* Products */,
			);
			sourceTree = "<group>";
		};
		6F19FF00241C8DA60076058D /* Products */ = {
			isa = PBXGroup;
			children = (
				6F19FEFF241C8DA60076058D /* SYWaveViewDemo.app */,
				6F19FF15241C8DAC0076058D /* SYWaveViewDemoTests.xctest */,
				6F19FF20241C8DAC0076058D /* SYWaveViewDemoUITests.xctest */,
			);
			name = Products;
			sourceTree = "<group>";
		};
		6F19FF01241C8DA60076058D /* SYWaveViewDemo */ = {
			isa = PBXGroup;
			children = (
				6F40D67C241E67AF00AEE3E6 /* UIColor+valueRGB.swift */,
				6F19FF02241C8DA60076058D /* AppDelegate.swift */,
				6F19FF06241C8DA60076058D /* ViewController.swift */,
				6F19FF32241C8DDC0076058D /* SYHeadView.swift */,
				6F19FF33241C8DDC0076058D /* SYWaveView.swift */,
				6F19FF08241C8DA60076058D /* Main.storyboard */,
				6F19FF0B241C8DAC0076058D /* Assets.xcassets */,
				6F19FF0D241C8DAC0076058D /* LaunchScreen.storyboard */,
				6F19FF10241C8DAC0076058D /* Info.plist */,
			);
			path = SYWaveViewDemo;
			sourceTree = "<group>";
		};
		6F19FF18241C8DAC0076058D /* SYWaveViewDemoTests */ = {
			isa = PBXGroup;
			children = (
				6F19FF19241C8DAC0076058D /* SYWaveViewDemoTests.swift */,
				6F19FF1B241C8DAC0076058D /* Info.plist */,
			);
			path = SYWaveViewDemoTests;
			sourceTree = "<group>";
		};
		6F19FF23241C8DAC0076058D /* SYWaveViewDemoUITests */ = {
			isa = PBXGroup;
			children = (
				6F19FF24241C8DAC0076058D /* SYWaveViewDemoUITests.swift */,
				6F19FF26241C8DAC0076058D /* Info.plist */,
			);
			path = SYWaveViewDemoUITests;
			sourceTree = "<group>";
		};
/* End PBXGroup section */

/* Begin PBXNativeTarget section */
		6F19FEFE241C8DA60076058D /* SYWaveViewDemo */ = {
			isa = PBXNativeTarget;
			buildConfigurationList = 6F19FF29241C8DAC0076058D /* Build configuration list for PBXNativeTarget "SYWaveViewDemo" */;
			buildPhases = (
				6F19FEFB241C8DA60076058D /* Sources */,
				6F19FEFC241C8DA60076058D /* Frameworks */,
				6F19FEFD241C8DA60076058D /* Resources */,
			);
			buildRules = (
			);
			dependencies = (
			);
			name = SYWaveViewDemo;
			productName = SYWaveViewDemo;
			productReference = 6F19FEFF241C8DA60076058D /* SYWaveViewDemo.app */;
			productType = "com.apple.product-type.application";
		};
		6F19FF14241C8DAC0076058D /* SYWaveViewDemoTests */ = {
			isa = PBXNativeTarget;
			buildConfigurationList = 6F19FF2C241C8DAC0076058D /* Build configuration list for PBXNativeTarget "SYWaveViewDemoTests" */;
			buildPhases = (
				6F19FF11241C8DAC0076058D /* Sources */,
				6F19FF12241C8DAC0076058D /* Frameworks */,
				6F19FF13241C8DAC0076058D /* Resources */,
			);
			buildRules = (
			);
			dependencies = (
				6F19FF17241C8DAC0076058D /* PBXTargetDependency */,
			);
			name = SYWaveViewDemoTests;
			productName = SYWaveViewDemoTests;
			productReference = 6F19FF15241C8DAC0076058D /* SYWaveViewDemoTests.xctest */;
			productType = "com.apple.product-type.bundle.unit-test";
		};
		6F19FF1F241C8DAC0076058D /* SYWaveViewDemoUITests */ = {
			isa = PBXNativeTarget;
			buildConfigurationList = 6F19FF2F241C8DAC0076058D /* Build configuration list for PBXNativeTarget "SYWaveViewDemoUITests" */;
			buildPhases = (
				6F19FF1C241C8DAC0076058D /* Sources */,
				6F19FF1D241C8DAC0076058D /* Frameworks */,
				6F19FF1E241C8DAC0076058D /* Resources */,
			);
			buildRules = (
			);
			dependencies = (
				6F19FF22241C8DAC0076058D /* PBXTargetDependency */,
			);
			name = SYWaveViewDemoUITests;
			productName = SYWaveViewDemoUITests;
			productReference = 6F19FF20241C8DAC0076058D /* SYWaveViewDemoUITests.xctest */;
			productType = "com.apple.product-type.bundle.ui-testing";
		};
/* End PBXNativeTarget section */

/* Begin PBXProject section */
		6F19FEF7241C8DA60076058D /* Project object */ = {
			isa = PBXProject;
			attributes = {
				LastSwiftUpdateCheck = 1130;
				LastUpgradeCheck = 1130;
				ORGANIZATIONNAME = bsy;
				TargetAttributes = {
					6F19FEFE241C8DA60076058D = {
						CreatedOnToolsVersion = 11.3.1;
					};
					6F19FF14241C8DAC0076058D = {
						CreatedOnToolsVersion = 11.3.1;
						TestTargetID = 6F19FEFE241C8DA60076058D;
					};
					6F19FF1F241C8DAC0076058D = {
						CreatedOnToolsVersion = 11.3.1;
						TestTargetID = 6F19FEFE241C8DA60076058D;
					};
				};
			};
			buildConfigurationList = 6F19FEFA241C8DA60076058D /* Build configuration list for PBXProject "SYWaveViewDemo" */;
			compatibilityVersion = "Xcode 9.3";
			developmentRegion = en;
			hasScannedForEncodings = 0;
			knownRegions = (
				en,
				Base,
			);
			mainGroup = 6F19FEF6241C8DA60076058D;
			productRefGroup = 6F19FF00241C8DA60076058D /* Products */;
			projectDirPath = "";
			projectRoot = "";
			targets = (
				6F19FEFE241C8DA60076058D /* SYWaveViewDemo */,
				6F19FF14241C8DAC0076058D /* SYWaveViewDemoTests */,
				6F19FF1F241C8DAC0076058D /* SYWaveViewDemoUITests */,
			);
		};
/* End PBXProject section */

/* Begin PBXResourcesBuildPhase section */
		6F19FEFD241C8DA60076058D /* Resources */ = {
			isa = PBXResourcesBuildPhase;
			buildActionMask = 2147483647;
			files = (
				6F19FF0F241C8DAC0076058D /* LaunchScreen.storyboard in Resources */,
				6F19FF0C241C8DAC0076058D /* Assets.xcassets in Resources */,
				6F19FF0A241C8DA60076058D /* Main.storyboard in Resources */,
			);
			runOnlyForDeploymentPostprocessing = 0;
		};
		6F19FF13241C8DAC0076058D /* Resources */ = {
			isa = PBXResourcesBuildPhase;
			buildActionMask = 2147483647;
			files = (
			);
			runOnlyForDeploymentPostprocessing = 0;
		};
		6F19FF1E241C8DAC0076058D /* Resources */ = {
			isa = PBXResourcesBuildPhase;
			buildActionMask = 2147483647;
			files = (
			);
			runOnlyForDeploymentPostprocessing = 0;
		};
/* End PBXResourcesBuildPhase section */

/* Begin PBXSourcesBuildPhase section */
		6F19FEFB241C8DA60076058D /* Sources */ = {
			isa = PBXSourcesBuildPhase;
			buildActionMask = 2147483647;
			files = (
				6F40D67D241E67AF00AEE3E6 /* UIColor+valueRGB.swift in Sources */,
				6F19FF07241C8DA60076058D /* ViewController.swift in Sources */,
				6F19FF03241C8DA60076058D /* AppDelegate.swift in Sources */,
				6F19FF34241C8DDD0076058D /* SYHeadView.swift in Sources */,
				6F19FF35241C8DDD0076058D /* SYWaveView.swift in Sources */,
			);
			runOnlyForDeploymentPostprocessing = 0;
		};
		6F19FF11241C8DAC0076058D /* Sources */ = {
			isa = PBXSourcesBuildPhase;
			buildActionMask = 2147483647;
			files = (
				6F19FF1A241C8DAC0076058D /* SYWaveViewDemoTests.swift in Sources */,
			);
			runOnlyForDeploymentPostprocessing = 0;
		};
		6F19FF1C241C8DAC0076058D /* Sources */ = {
			isa = PBXSourcesBuildPhase;
			buildActionMask = 2147483647;
			files = (
				6F19FF25241C8DAC0076058D /* SYWaveViewDemoUITests.swift in Sources */,
			);
			runOnlyForDeploymentPostprocessing = 0;
		};
/* End PBXSourcesBuildPhase section */

/* Begin PBXTargetDependency section */
		6F19FF17241C8DAC0076058D /* PBXTargetDependency */ = {
			isa = PBXTargetDependency;
			target = 6F19FEFE241C8DA60076058D /* SYWaveViewDemo */;
			targetProxy = 6F19FF16241C8DAC0076058D /* PBXContainerItemProxy */;
		};
		6F19FF22241C8DAC0076058D /* PBXTargetDependency */ = {
			isa = PBXTargetDependency;
			target = 6F19FEFE241C8DA60076058D /* SYWaveViewDemo */;
			targetProxy = 6F19FF21241C8DAC0076058D /* PBXContainerItemProxy */;
		};
/* End PBXTargetDependency section */

/* Begin PBXVariantGroup section */
		6F19FF08241C8DA60076058D /* Main.storyboard */ = {
			isa = PBXVariantGroup;
			children = (
				6F19FF09241C8DA60076058D /* Base */,
			);
			name = Main.storyboard;
			sourceTree = "<group>";
		};
		6F19FF0D241C8DAC0076058D /* LaunchScreen.storyboard */ = {
			isa = PBXVariantGroup;
			children = (
				6F19FF0E241C8DAC0076058D /* Base */,
			);
			name = LaunchScreen.storyboard;
			sourceTree = "<group>";
		};
/* End PBXVariantGroup section */

/* Begin XCBuildConfiguration section */
		6F19FF27241C8DAC0076058D /* Debug */ = {
			isa = XCBuildConfiguration;
			buildSettings = {
				ALWAYS_SEARCH_USER_PATHS = NO;
				CLANG_ANALYZER_NONNULL = YES;
				CLANG_ANALYZER_NUMBER_OBJECT_CONVERSION = YES_AGGRESSIVE;
				CLANG_CXX_LANGUAGE_STANDARD = "gnu++14";
				CLANG_CXX_LIBRARY = "libc++";
				CLANG_ENABLE_MODULES = YES;
				CLANG_ENABLE_OBJC_ARC = YES;
				CLANG_ENABLE_OBJC_WEAK = YES;
				CLANG_WARN_BLOCK_CAPTURE_AUTORELEASING = YES;
				CLANG_WARN_BOOL_CONVERSION = YES;
				CLANG_WARN_COMMA = YES;
				CLANG_WARN_CONSTANT_CONVERSION = YES;
				CLANG_WARN_DEPRECATED_OBJC_IMPLEMENTATIONS = YES;
				CLANG_WARN_DIRECT_OBJC_ISA_USAGE = YES_ERROR;
				CLANG_WARN_DOCUMENTATION_COMMENTS = YES;
				CLANG_WARN_EMPTY_BODY = YES;
				CLANG_WARN_ENUM_CONVERSION = YES;
				CLANG_WARN_INFINITE_RECURSION = YES;
				CLANG_WARN_INT_CONVERSION = YES;
				CLANG_WARN_NON_LITERAL_NULL_CONVERSION = YES;
				CLANG_WARN_OBJC_IMPLICIT_RETAIN_SELF = YES;
				CLANG_WARN_OBJC_LITERAL_CONVERSION = YES;
				CLANG_WARN_OBJC_ROOT_CLASS = YES_ERROR;
				CLANG_WARN_RANGE_LOOP_ANALYSIS = YES;
				CLANG_WARN_STRICT_PROTOTYPES = YES;
				CLANG_WARN_SUSPICIOUS_MOVE = YES;
				CLANG_WARN_UNGUARDED_AVAILABILITY = YES_AGGRESSIVE;
				CLANG_WARN_UNREACHABLE_CODE = YES;
				CLANG_WARN__DUPLICATE_METHOD_MATCH = YES;
				COPY_PHASE_STRIP = NO;
				DEBUG_INFORMATION_FORMAT = dwarf;
				ENABLE_STRICT_OBJC_MSGSEND = YES;
				ENABLE_TESTABILITY = YES;
				GCC_C_LANGUAGE_STANDARD = gnu11;
				GCC_DYNAMIC_NO_PIC = NO;
				GCC_NO_COMMON_BLOCKS = YES;
				GCC_OPTIMIZATION_LEVEL = 0;
				GCC_PREPROCESSOR_DEFINITIONS = (
					"DEBUG=1",
					"$(inherited)",
				);
				GCC_WARN_64_TO_32_BIT_CONVERSION = YES;
				GCC_WARN_ABOUT_RETURN_TYPE = YES_ERROR;
				GCC_WARN_UNDECLARED_SELECTOR = YES;
				GCC_WARN_UNINITIALIZED_AUTOS = YES_AGGRESSIVE;
				GCC_WARN_UNUSED_FUNCTION = YES;
				GCC_WARN_UNUSED_VARIABLE = YES;
				IPHONEOS_DEPLOYMENT_TARGET = 13.2;
				MTL_ENABLE_DEBUG_INFO = INCLUDE_SOURCE;
				MTL_FAST_MATH = YES;
				ONLY_ACTIVE_ARCH = YES;
				SDKROOT = iphoneos;
				SWIFT_ACTIVE_COMPILATION_CONDITIONS = DEBUG;
				SWIFT_OPTIMIZATION_LEVEL = "-Onone";
			};
			name = Debug;
		};
		6F19FF28241C8DAC0076058D /* Release */ = {
			isa = XCBuildConfiguration;
			buildSettings = {
				ALWAYS_SEARCH_USER_PATHS = NO;
				CLANG_ANALYZER_NONNULL = YES;
				CLANG_ANALYZER_NUMBER_OBJECT_CONVERSION = YES_AGGRESSIVE;
				CLANG_CXX_LANGUAGE_STANDARD = "gnu++14";
				CLANG_CXX_LIBRARY = "libc++";
				CLANG_ENABLE_MODULES = YES;
				CLANG_ENABLE_OBJC_ARC = YES;
				CLANG_ENABLE_OBJC_WEAK = YES;
				CLANG_WARN_BLOCK_CAPTURE_AUTORELEASING = YES;
				CLANG_WARN_BOOL_CONVERSION = YES;
				CLANG_WARN_COMMA = YES;
				CLANG_WARN_CONSTANT_CONVERSION = YES;
				CLANG_WARN_DEPRECATED_OBJC_IMPLEMENTATIONS = YES;
				CLANG_WARN_DIRECT_OBJC_ISA_USAGE = YES_ERROR;
				CLANG_WARN_DOCUMENTATION_COMMENTS = YES;
				CLANG_WARN_EMPTY_BODY = YES;
				CLANG_WARN_ENUM_CONVERSION = YES;
				CLANG_WARN_INFINITE_RECURSION = YES;
				CLANG_WARN_INT_CONVERSION = YES;
				CLANG_WARN_NON_LITERAL_NULL_CONVERSION = YES;
				CLANG_WARN_OBJC_IMPLICIT_RETAIN_SELF = YES;
				CLANG_WARN_OBJC_LITERAL_CONVERSION = YES;
				CLANG_WARN_OBJC_ROOT_CLASS = YES_ERROR;
				CLANG_WARN_RANGE_LOOP_ANALYSIS = YES;
				CLANG_WARN_STRICT_PROTOTYPES = YES;
				CLANG_WARN_SUSPICIOUS_MOVE = YES;
				CLANG_WARN_UNGUARDED_AVAILABILITY = YES_AGGRESSIVE;
				CLANG_WARN_UNREACHABLE_CODE = YES;
				CLANG_WARN__DUPLICATE_METHOD_MATCH = YES;
				COPY_PHASE_STRIP = NO;
				DEBUG_INFORMATION_FORMAT = "dwarf-with-dsym";
				ENABLE_NS_ASSERTIONS = NO;
				ENABLE_STRICT_OBJC_MSGSEND = YES;
				GCC_C_LANGUAGE_STANDARD = gnu11;
				GCC_NO_COMMON_BLOCKS = YES;
				GCC_WARN_64_TO_32_BIT_CONVERSION = YES;
				GCC_WARN_ABOUT_RETURN_TYPE = YES_ERROR;
				GCC_WARN_UNDECLARED_SELECTOR = YES;
				GCC_WARN_UNINITIALIZED_AUTOS = YES_AGGRESSIVE;
				GCC_WARN_UNUSED_FUNCTION = YES;
				GCC_WARN_UNUSED_VARIABLE = YES;
				IPHONEOS_DEPLOYMENT_TARGET = 13.2;
				MTL_ENABLE_DEBUG_INFO = NO;
				MTL_FAST_MATH = YES;
				SDKROOT = iphoneos;
				SWIFT_COMPILATION_MODE = wholemodule;
				SWIFT_OPTIMIZATION_LEVEL = "-O";
				VALIDATE_PRODUCT = YES;
			};
			name = Release;
		};
		6F19FF2A241C8DAC0076058D /* Debug */ = {
			isa = XCBuildConfiguration;
			buildSettings = {
				ASSETCATALOG_COMPILER_APPICON_NAME = AppIcon;
				CODE_SIGN_STYLE = Automatic;
				DEVELOPMENT_TEAM = CCUAC3W53G;
				INFOPLIST_FILE = SYWaveViewDemo/Info.plist;
				IPHONEOS_DEPLOYMENT_TARGET = 10.0;
				LD_RUNPATH_SEARCH_PATHS = (
					"$(inherited)",
					"@executable_path/Frameworks",
				);
				PRODUCT_BUNDLE_IDENTIFIER = com.waveView.SYWaveViewDemo;
				PRODUCT_NAME = "$(TARGET_NAME)";
				SWIFT_VERSION = 5.0;
				TARGETED_DEVICE_FAMILY = 1;
			};
			name = Debug;
		};
		6F19FF2B241C8DAC0076058D /* Release */ = {
			isa = XCBuildConfiguration;
			buildSettings = {
				ASSETCATALOG_COMPILER_APPICON_NAME = AppIcon;
				CODE_SIGN_STYLE = Automatic;
				DEVELOPMENT_TEAM = CCUAC3W53G;
				INFOPLIST_FILE = SYWaveViewDemo/Info.plist;
				IPHONEOS_DEPLOYMENT_TARGET = 10.0;
				LD_RUNPATH_SEARCH_PATHS = (
					"$(inherited)",
					"@executable_path/Frameworks",
				);
				PRODUCT_BUNDLE_IDENTIFIER = com.waveView.SYWaveViewDemo;
				PRODUCT_NAME = "$(TARGET_NAME)";
				SWIFT_VERSION = 5.0;
				TARGETED_DEVICE_FAMILY = 1;
			};
			name = Release;
		};
		6F19FF2D241C8DAC0076058D /* Debug */ = {
			isa = XCBuildConfiguration;
			buildSettings = {
				ALWAYS_EMBED_SWIFT_STANDARD_LIBRARIES = YES;
				BUNDLE_LOADER = "$(TEST_HOST)";
				CODE_SIGN_STYLE = Automatic;
				DEVELOPMENT_TEAM = CCUAC3W53G;
				INFOPLIST_FILE = SYWaveViewDemoTests/Info.plist;
				IPHONEOS_DEPLOYMENT_TARGET = 13.2;
				LD_RUNPATH_SEARCH_PATHS = (
					"$(inherited)",
					"@executable_path/Frameworks",
					"@loader_path/Frameworks",
				);
				PRODUCT_BUNDLE_IDENTIFIER = com.waveView.SYWaveViewDemoTests;
				PRODUCT_NAME = "$(TARGET_NAME)";
				SWIFT_VERSION = 5.0;
				TARGETED_DEVICE_FAMILY = "1,2";
				TEST_HOST = "$(BUILT_PRODUCTS_DIR)/SYWaveViewDemo.app/SYWaveViewDemo";
			};
			name = Debug;
		};
		6F19FF2E241C8DAC0076058D /* Release */ = {
			isa = XCBuildConfiguration;
			buildSettings = {
				ALWAYS_EMBED_SWIFT_STANDARD_LIBRARIES = YES;
				BUNDLE_LOADER = "$(TEST_HOST)";
				CODE_SIGN_STYLE = Automatic;
				DEVELOPMENT_TEAM = CCUAC3W53G;
				INFOPLIST_FILE = SYWaveViewDemoTests/Info.plist;
				IPHONEOS_DEPLOYMENT_TARGET = 13.2;
				LD_RUNPATH_SEARCH_PATHS = (
					"$(inherited)",
					"@executable_path/Frameworks",
					"@loader_path/Frameworks",
				);
				PRODUCT_BUNDLE_IDENTIFIER = com.waveView.SYWaveViewDemoTests;
				PRODUCT_NAME = "$(TARGET_NAME)";
				SWIFT_VERSION = 5.0;
				TARGETED_DEVICE_FAMILY = "1,2";
				TEST_HOST = "$(BUILT_PRODUCTS_DIR)/SYWaveViewDemo.app/SYWaveViewDemo";
			};
			name = Release;
		};
		6F19FF30241C8DAC0076058D /* Debug */ = {
			isa = XCBuildConfiguration;
			buildSettings = {
				ALWAYS_EMBED_SWIFT_STANDARD_LIBRARIES = YES;
				CODE_SIGN_STYLE = Automatic;
				DEVELOPMENT_TEAM = CCUAC3W53G;
				INFOPLIST_FILE = SYWaveViewDemoUITests/Info.plist;
				LD_RUNPATH_SEARCH_PATHS = (
					"$(inherited)",
					"@executable_path/Frameworks",
					"@loader_path/Frameworks",
				);
				PRODUCT_BUNDLE_IDENTIFIER = com.waveView.SYWaveViewDemoUITests;
				PRODUCT_NAME = "$(TARGET_NAME)";
				SWIFT_VERSION = 5.0;
				TARGETED_DEVICE_FAMILY = "1,2";
				TEST_TARGET_NAME = SYWaveViewDemo;
			};
			name = Debug;
		};
		6F19FF31241C8DAC0076058D /* Release */ = {
			isa = XCBuildConfiguration;
			buildSettings = {
				ALWAYS_EMBED_SWIFT_STANDARD_LIBRARIES = YES;
				CODE_SIGN_STYLE = Automatic;
				DEVELOPMENT_TEAM = CCUAC3W53G;
				INFOPLIST_FILE = SYWaveViewDemoUITests/Info.plist;
				LD_RUNPATH_SEARCH_PATHS = (
					"$(inherited)",
					"@executable_path/Frameworks",
					"@loader_path/Frameworks",
				);
				PRODUCT_BUNDLE_IDENTIFIER = com.waveView.SYWaveViewDemoUITests;
				PRODUCT_NAME = "$(TARGET_NAME)";
				SWIFT_VERSION = 5.0;
				TARGETED_DEVICE_FAMILY = "1,2";
				TEST_TARGET_NAME = SYWaveViewDemo;
			};
			name = Release;
		};
/* End XCBuildConfiguration section */

/* Begin XCConfigurationList section */
		6F19FEFA241C8DA60076058D /* Build configuration list for PBXProject "SYWaveViewDemo" */ = {
			isa = XCConfigurationList;
			buildConfigurations = (
				6F19FF27241C8DAC0076058D /* Debug */,
				6F19FF28241C8DAC0076058D /* Release */,
			);
			defaultConfigurationIsVisible = 0;
			defaultConfigurationName = Release;
		};
		6F19FF29241C8DAC0076058D /* Build configuration list for PBXNativeTarget "SYWaveViewDemo" */ = {
			isa = XCConfigurationList;
			buildConfigurations = (
				6F19FF2A241C8DAC0076058D /* Debug */,
				6F19FF2B241C8DAC0076058D /* Release */,
			);
			defaultConfigurationIsVisible = 0;
			defaultConfigurationName = Release;
		};
		6F19FF2C241C8DAC0076058D /* Build configuration list for PBXNativeTarget "SYWaveViewDemoTests" */ = {
			isa = XCConfigurationList;
			buildConfigurations = (
				6F19FF2D241C8DAC0076058D /* Debug */,
				6F19FF2E241C8DAC0076058D /* Release */,
			);
			defaultConfigurationIsVisible = 0;
			defaultConfigurationName = Release;
		};
		6F19FF2F241C8DAC0076058D /* Build configuration list for PBXNativeTarget "SYWaveViewDemoUITests" */ = {
			isa = XCConfigurationList;
			buildConfigurations = (
				6F19FF30241C8DAC0076058D /* Debug */,
				6F19FF31241C8DAC0076058D /* Release */,
			);
			defaultConfigurationIsVisible = 0;
			defaultConfigurationName = Release;
		};
/* End XCConfigurationList section */
	};
	rootObject = 6F19FEF7241C8DA60076058D /* Project object */;
}
